// !$*UTF8*$!
{
	archiveVersion = 1;
	classes = {
	};
	objectVersion = 46;
	objects = {

/* Begin PBXBuildFile section */
		971D4FCC1BBC027000E4A540 /* main.cpp in Sources */ = {isa = PBXBuildFile; fileRef = 971D4FCB1BBC027000E4A540 /* main.cpp */; };
		971D4FD81BBC02A800E4A540 /* SaveState.cpp in Sources */ = {isa = PBXBuildFile; fileRef = 971D4FD41BBC02A800E4A540 /* SaveState.cpp */; };
		971D4FD91BBC02A800E4A540 /* TileBucket.cpp in Sources */ = {isa = PBXBuildFile; fileRef = 971D4FD61BBC02A800E4A540 /* TileBucket.cpp */; };
/* End PBXBuildFile section */

/* Begin PBXCopyFilesBuildPhase section */
		971D4FC61BBC027000E4A540 /* CopyFiles */ = {
			isa = PBXCopyFilesBuildPhase;
			buildActionMask = 2147483647;
			dstPath = /usr/share/man/man1/;
			dstSubfolderSpec = 0;
			files = (
			);
			runOnlyForDeploymentPostprocessing = 1;
		};
/* End PBXCopyFilesBuildPhase section */

/* Begin PBXFileReference section */
		971D4FC81BBC027000E4A540 /* ALFP */ = {isa = PBXFileReference; explicitFileType = "compiled.mach-o.executable"; includeInIndex = 0; path = ALFP; sourceTree = BUILT_PRODUCTS_DIR; };
		971D4FCB1BBC027000E4A540 /* main.cpp */ = {isa = PBXFileReference; lastKnownFileType = sourcecode.cpp.cpp; name = main.cpp; path = "../../Source & Headers/main.cpp"; sourceTree = "<group>"; };
		971D4FD21BBC02A800E4A540 /* Includes.h */ = {isa = PBXFileReference; fileEncoding = 4; lastKnownFileType = sourcecode.c.h; name = Includes.h; path = "../../Source & Headers/Includes.h"; sourceTree = "<group>"; };
		971D4FD31BBC02A800E4A540 /* SaveFile.txt */ = {isa = PBXFileReference; fileEncoding = 4; lastKnownFileType = text; name = SaveFile.txt; path = "../../Source & Headers/SaveFile.txt"; sourceTree = "<group>"; };
		971D4FD41BBC02A800E4A540 /* SaveState.cpp */ = {isa = PBXFileReference; fileEncoding = 4; lastKnownFileType = sourcecode.cpp.cpp; name = SaveState.cpp; path = "../../Source & Headers/SaveState.cpp"; sourceTree = "<group>"; };
		971D4FD51BBC02A800E4A540 /* SaveState.h */ = {isa = PBXFileReference; fileEncoding = 4; lastKnownFileType = sourcecode.c.h; name = SaveState.h; path = "../../Source & Headers/SaveState.h"; sourceTree = "<group>"; };
		971D4FD61BBC02A800E4A540 /* TileBucket.cpp */ = {isa = PBXFileReference; fileEncoding = 4; lastKnownFileType = sourcecode.cpp.cpp; name = TileBucket.cpp; path = "../../Source & Headers/TileBucket.cpp"; sourceTree = "<group>"; };
		971D4FD71BBC02A800E4A540 /* TileBucket.h */ = {isa = PBXFileReference; fileEncoding = 4; lastKnownFileType = sourcecode.c.h; name = TileBucket.h; path = "../../Source & Headers/TileBucket.h"; sourceTree = "<group>"; };
		971D4FDA1BBC031400E4A540 /* MapFileBG.txt */ = {isa = PBXFileReference; fileEncoding = 4; lastKnownFileType = text; name = MapFileBG.txt; path = "../../Source & Headers/MapFileBG.txt"; sourceTree = "<group>"; };
/* End PBXFileReference section */

/* Begin PBXFrameworksBuildPhase section */
		971D4FC51BBC027000E4A540 /* Frameworks */ = {
			isa = PBXFrameworksBuildPhase;
			buildActionMask = 2147483647;
			files = (
			);
			runOnlyForDeploymentPostprocessing = 0;
		};
/* End PBXFrameworksBuildPhase section */

/* Begin PBXGroup section */
		971D4FBF1BBC027000E4A540 = {
			isa = PBXGroup;
			children = (
				971D4FCA1BBC027000E4A540 /* ALFP */,
				971D4FC91BBC027000E4A540 /* Products */,
			);
			sourceTree = "<group>";
		};
		971D4FC91BBC027000E4A540 /* Products */ = {
			isa = PBXGroup;
			children = (
				971D4FC81BBC027000E4A540 /* ALFP */,
			);
			name = Products;
			sourceTree = "<group>";
		};
		971D4FCA1BBC027000E4A540 /* ALFP */ = {
			isa = PBXGroup;
			children = (
				971D4FCB1BBC027000E4A540 /* main.cpp */,
				971D4FD21BBC02A800E4A540 /* Includes.h */,
				971D4FD31BBC02A800E4A540 /* SaveFile.txt */,
				971D4FD41BBC02A800E4A540 /* SaveState.cpp */,
				971D4FD51BBC02A800E4A540 /* SaveState.h */,
				971D4FD61BBC02A800E4A540 /* TileBucket.cpp */,
				971D4FDA1BBC031400E4A540 /* MapFileBG.txt */,
				971D4FD71BBC02A800E4A540 /* TileBucket.h */,
			);
			path = ALFP;
			sourceTree = "<group>";
		};
/* End PBXGroup section */

/* Begin PBXNativeTarget section */
		971D4FC71BBC027000E4A540 /* ALFP */ = {
			isa = PBXNativeTarget;
			buildConfigurationList = 971D4FCF1BBC027000E4A540 /* Build configuration list for PBXNativeTarget "ALFP" */;
			buildPhases = (
				971D4FC41BBC027000E4A540 /* Sources */,
				971D4FC51BBC027000E4A540 /* Frameworks */,
				971D4FC61BBC027000E4A540 /* CopyFiles */,
			);
			buildRules = (
			);
			dependencies = (
			);
			name = ALFP;
			productName = ALFP;
			productReference = 971D4FC81BBC027000E4A540 /* ALFP */;
			productType = "com.apple.product-type.tool";
		};
/* End PBXNativeTarget section */

/* Begin PBXProject section */
		971D4FC01BBC027000E4A540 /* Project object */ = {
			isa = PBXProject;
			attributes = {
				LastUpgradeCheck = 0640;
				ORGANIZATIONNAME = "Vinícius Mascarenhas";
				TargetAttributes = {
					971D4FC71BBC027000E4A540 = {
						CreatedOnToolsVersion = 6.4;
					};
				};
			};
			buildConfigurationList = 971D4FC31BBC027000E4A540 /* Build configuration list for PBXProject "ALFP" */;
			compatibilityVersion = "Xcode 3.2";
			developmentRegion = English;
			hasScannedForEncodings = 0;
			knownRegions = (
				en,
			);
			mainGroup = 971D4FBF1BBC027000E4A540;
			productRefGroup = 971D4FC91BBC027000E4A540 /* Products */;
			projectDirPath = "";
			projectRoot = "";
			targets = (
				971D4FC71BBC027000E4A540 /* ALFP */,
			);
		};
/* End PBXProject section */

/* Begin PBXSourcesBuildPhase section */
		971D4FC41BBC027000E4A540 /* Sources */ = {
			isa = PBXSourcesBuildPhase;
			buildActionMask = 2147483647;
			files = (
				971D4FD81BBC02A800E4A540 /* SaveState.cpp in Sources */,
				971D4FCC1BBC027000E4A540 /* main.cpp in Sources */,
				971D4FD91BBC02A800E4A540 /* TileBucket.cpp in Sources */,
			);
			runOnlyForDeploymentPostprocessing = 0;
		};
/* End PBXSourcesBuildPhase section */

/* Begin XCBuildConfiguration section */
		971D4FCD1BBC027000E4A540 /* Debug */ = {
			isa = XCBuildConfiguration;
			buildSettings = {
				ALWAYS_SEARCH_USER_PATHS = NO;
				CLANG_CXX_LANGUAGE_STANDARD = "gnu++0x";
				CLANG_CXX_LIBRARY = "libc++";
				CLANG_ENABLE_MODULES = YES;
				CLANG_ENABLE_OBJC_ARC = YES;
				CLANG_WARN_BOOL_CONVERSION = YES;
				CLANG_WARN_CONSTANT_CONVERSION = YES;
				CLANG_WARN_DIRECT_OBJC_ISA_USAGE = YES_ERROR;
				CLANG_WARN_EMPTY_BODY = YES;
				CLANG_WARN_ENUM_CONVERSION = YES;
				CLANG_WARN_INT_CONVERSION = YES;
				CLANG_WARN_OBJC_ROOT_CLASS = YES_ERROR;
				CLANG_WARN_UNREACHABLE_CODE = YES;
				CLANG_WARN__DUPLICATE_METHOD_MATCH = YES;
				COPY_PHASE_STRIP = NO;
				DEBUG_INFORMATION_FORMAT = dwarf;
				ENABLE_STRICT_OBJC_MSGSEND = YES;
				GCC_C_LANGUAGE_STANDARD = gnu99;
				GCC_DYNAMIC_NO_PIC = NO;
				GCC_NO_COMMON_BLOCKS = YES;
				GCC_OPTIMIZATION_LEVEL = 0;
				GCC_PREPROCESSOR_DEFINITIONS = (
					"DEBUG=1",
					"$(inherited)",
				);
				GCC_SYMBOLS_PRIVATE_EXTERN = NO;
				GCC_WARN_64_TO_32_BIT_CONVERSION = YES;
				GCC_WARN_ABOUT_RETURN_TYPE = YES_ERROR;
				GCC_WARN_UNDECLARED_SELECTOR = YES;
				GCC_WARN_UNINITIALIZED_AUTOS = YES_AGGRESSIVE;
				GCC_WARN_UNUSED_FUNCTION = YES;
				GCC_WARN_UNUSED_VARIABLE = YES;
				MACOSX_DEPLOYMENT_TARGET = 10.10;
				MTL_ENABLE_DEBUG_INFO = YES;
				ONLY_ACTIVE_ARCH = YES;
				SDKROOT = macosx;
			};
			name = Debug;
		};
		971D4FCE1BBC027000E4A540 /* Release */ = {
			isa = XCBuildConfiguration;
			buildSettings = {
				ALWAYS_SEARCH_USER_PATHS = NO;
				CLANG_CXX_LANGUAGE_STANDARD = "gnu++0x";
				CLANG_CXX_LIBRARY = "libc++";
				CLANG_ENABLE_MODULES = YES;
				CLANG_ENABLE_OBJC_ARC = YES;
				CLANG_WARN_BOOL_CONVERSION = YES;
				CLANG_WARN_CONSTANT_CONVERSION = YES;
				CLANG_WARN_DIRECT_OBJC_ISA_USAGE = YES_ERROR;
				CLANG_WARN_EMPTY_BODY = YES;
				CLANG_WARN_ENUM_CONVERSION = YES;
				CLANG_WARN_INT_CONVERSION = YES;
				CLANG_WARN_OBJC_ROOT_CLASS = YES_ERROR;
				CLANG_WARN_UNREACHABLE_CODE = YES;
				CLANG_WARN__DUPLICATE_METHOD_MATCH = YES;
				COPY_PHASE_STRIP = NO;
				DEBUG_INFORMATION_FORMAT = "dwarf-with-dsym";
				ENABLE_NS_ASSERTIONS = NO;
				ENABLE_STRICT_OBJC_MSGSEND = YES;
				GCC_C_LANGUAGE_STANDARD = gnu99;
				GCC_NO_COMMON_BLOCKS = YES;
				GCC_WARN_64_TO_32_BIT_CONVERSION = YES;
				GCC_WARN_ABOUT_RETURN_TYPE = YES_ERROR;
				GCC_WARN_UNDECLARED_SELECTOR = YES;
				GCC_WARN_UNINITIALIZED_AUTOS = YES_AGGRESSIVE;
				GCC_WARN_UNUSED_FUNCTION = YES;
				GCC_WARN_UNUSED_VARIABLE = YES;
				MACOSX_DEPLOYMENT_TARGET = 10.10;
				MTL_ENABLE_DEBUG_INFO = NO;
				SDKROOT = macosx;
			};
			name = Release;
		};
		971D4FD01BBC027000E4A540 /* Debug */ = {
			isa = XCBuildConfiguration;
			buildSettings = {
				PRODUCT_NAME = "$(TARGET_NAME)";
			};
			name = Debug;
		};
		971D4FD11BBC027000E4A540 /* Release */ = {
			isa = XCBuildConfiguration;
			buildSettings = {
				PRODUCT_NAME = "$(TARGET_NAME)";
			};
			name = Release;
		};
/* End XCBuildConfiguration section */

/* Begin XCConfigurationList section */
		971D4FC31BBC027000E4A540 /* Build configuration list for PBXProject "ALFP" */ = {
			isa = XCConfigurationList;
			buildConfigurations = (
				971D4FCD1BBC027000E4A540 /* Debug */,
				971D4FCE1BBC027000E4A540 /* Release */,
			);
			defaultConfigurationIsVisible = 0;
			defaultConfigurationName = Release;
		};
		971D4FCF1BBC027000E4A540 /* Build configuration list for PBXNativeTarget "ALFP" */ = {
			isa = XCConfigurationList;
			buildConfigurations = (
				971D4FD01BBC027000E4A540 /* Debug */,
				971D4FD11BBC027000E4A540 /* Release */,
			);
			defaultConfigurationIsVisible = 0;
		};
/* End XCConfigurationList section */
	};
	rootObject = 971D4FC01BBC027000E4A540 /* Project object */;
}
